
Microsoft Visual Studio Solution File, Format Version 12.00
# Visual Studio 2012
Project("{FAE04EC0-301F-11D3-BF4B-00C04F79EFBC}") = "WCCB.WebApplication", "WCCB.WebApplication\WCCB.WebApplication.csproj", "{6E0DCFA5-266F-403B-A4D4-DE2E486372B6}"
EndProject
Project("{FAE04EC0-301F-11D3-BF4B-00C04F79EFBC}") = "WCCB.Models", "WCCB.Models\WCCB.Models.csproj", "{5FD011D1-092D-48AE-80EF-D84EC16270D1}"
EndProject
Project("{FAE04EC0-301F-11D3-BF4B-00C04F79EFBC}") = "WCCB.Helpers", "WCCB.Helpers\WCCB.Helpers.csproj", "{4567A9E8-F187-4A59-AE32-0AF24CEF64D6}"
EndProject
Project("{2150E333-8FDC-42A3-9474-1A3956D46DE8}") = "3. Data Layer", "3. Data Layer", "{7D42BE5E-EB1E-4E00-A3A4-90CEDE1F2730}"
EndProject
Project("{2150E333-8FDC-42A3-9474-1A3956D46DE8}") = "2. Service Layer", "2. Service Layer", "{59920E58-A4F2-446B-B558-AE4A9FF61FA3}"
EndProject
Project("{2150E333-8FDC-42A3-9474-1A3956D46DE8}") = "1. Presentation Layer", "1. Presentation Layer", "{8592EF97-1ED9-4B89-8E91-C3218BEC5C33}"
EndProject
Project("{2150E333-8FDC-42A3-9474-1A3956D46DE8}") = "Helpers", "Helpers", "{DA8099E0-3812-4174-92CF-A28D1B4C26C4}"
EndProject
Project("{FAE04EC0-301F-11D3-BF4B-00C04F79EFBC}") = "WCCB.Repositories", "WCCB.Repositories\WCCB.Repositories.csproj", "{EF448569-6CD4-49AB-A632-D09880F159B7}"
EndProject
Project("{FAE04EC0-301F-11D3-BF4B-00C04F79EFBC}") = "WCCB.DbContexts", "WCCB.DbContexts\WCCB.DbContexts.csproj", "{57216F4C-70F6-451E-B156-86632CCCAD72}"
EndProject
Project("{FAE04EC0-301F-11D3-BF4B-00C04F79EFBC}") = "WCCB.Providers", "WCCB.Providers\WCCB.Providers.csproj", "{506441FA-AA41-4E3B-B8F0-0527F72AE877}"
EndProject
Global
	GlobalSection(SubversionScc) = preSolution
		Svn-Managed = True
		Manager = AnkhSVN - Subversion Support for Visual Studio
	EndGlobalSection
	GlobalSection(SolutionConfigurationPlatforms) = preSolution
		Debug|Any CPU = Debug|Any CPU
		Release|Any CPU = Release|Any CPU
	EndGlobalSection
	GlobalSection(ProjectConfigurationPlatforms) = postSolution
		{6E0DCFA5-266F-403B-A4D4-DE2E486372B6}.Debug|Any CPU.ActiveCfg = Debug|Any CPU
		{6E0DCFA5-266F-403B-A4D4-DE2E486372B6}.Debug|Any CPU.Build.0 = Debug|Any CPU
		{6E0DCFA5-266F-403B-A4D4-DE2E486372B6}.Release|Any CPU.ActiveCfg = Release|Any CPU
		{6E0DCFA5-266F-403B-A4D4-DE2E486372B6}.Release|Any CPU.Build.0 = Release|Any CPU
		{5FD011D1-092D-48AE-80EF-D84EC16270D1}.Debug|Any CPU.ActiveCfg = Debug|Any CPU
		{5FD011D1-092D-48AE-80EF-D84EC16270D1}.Debug|Any CPU.Build.0 = Debug|Any CPU
		{5FD011D1-092D-48AE-80EF-D84EC16270D1}.Release|Any CPU.ActiveCfg = Release|Any CPU
		{5FD011D1-092D-48AE-80EF-D84EC16270D1}.Release|Any CPU.Build.0 = Release|Any CPU
		{4567A9E8-F187-4A59-AE32-0AF24CEF64D6}.Debug|Any CPU.ActiveCfg = Debug|Any CPU
		{4567A9E8-F187-4A59-AE32-0AF24CEF64D6}.Debug|Any CPU.Build.0 = Debug|Any CPU
		{4567A9E8-F187-4A59-AE32-0AF24CEF64D6}.Release|Any CPU.ActiveCfg = Release|Any CPU
		{4567A9E8-F187-4A59-AE32-0AF24CEF64D6}.Release|Any CPU.Build.0 = Release|Any CPU
		{EF448569-6CD4-49AB-A632-D09880F159B7}.Debug|Any CPU.ActiveCfg = Debug|Any CPU
		{EF448569-6CD4-49AB-A632-D09880F159B7}.Debug|Any CPU.Build.0 = Debug|Any CPU
		{EF448569-6CD4-49AB-A632-D09880F159B7}.Release|Any CPU.ActiveCfg = Release|Any CPU
		{EF448569-6CD4-49AB-A632-D09880F159B7}.Release|Any CPU.Build.0 = Release|Any CPU
		{57216F4C-70F6-451E-B156-86632CCCAD72}.Debug|Any CPU.ActiveCfg = Debug|Any CPU
		{57216F4C-70F6-451E-B156-86632CCCAD72}.Debug|Any CPU.Build.0 = Debug|Any CPU
		{57216F4C-70F6-451E-B156-86632CCCAD72}.Release|Any CPU.ActiveCfg = Release|Any CPU
		{57216F4C-70F6-451E-B156-86632CCCAD72}.Release|Any CPU.Build.0 = Release|Any CPU
		{506441FA-AA41-4E3B-B8F0-0527F72AE877}.Debug|Any CPU.ActiveCfg = Debug|Any CPU
		{506441FA-AA41-4E3B-B8F0-0527F72AE877}.Debug|Any CPU.Build.0 = Debug|Any CPU
		{506441FA-AA41-4E3B-B8F0-0527F72AE877}.Release|Any CPU.ActiveCfg = Release|Any CPU
		{506441FA-AA41-4E3B-B8F0-0527F72AE877}.Release|Any CPU.Build.0 = Release|Any CPU
	EndGlobalSection
	GlobalSection(SolutionProperties) = preSolution
		HideSolutionNode = FALSE
	EndGlobalSection
	GlobalSection(NestedProjects) = preSolution
		{6E0DCFA5-266F-403B-A4D4-DE2E486372B6} = {8592EF97-1ED9-4B89-8E91-C3218BEC5C33}
		{5FD011D1-092D-48AE-80EF-D84EC16270D1} = {7D42BE5E-EB1E-4E00-A3A4-90CEDE1F2730}
		{57216F4C-70F6-451E-B156-86632CCCAD72} = {7D42BE5E-EB1E-4E00-A3A4-90CEDE1F2730}
		{4567A9E8-F187-4A59-AE32-0AF24CEF64D6} = {DA8099E0-3812-4174-92CF-A28D1B4C26C4}
		{506441FA-AA41-4E3B-B8F0-0527F72AE877} = {59920E58-A4F2-446B-B558-AE4A9FF61FA3}
		{EF448569-6CD4-49AB-A632-D09880F159B7} = {59920E58-A4F2-446B-B558-AE4A9FF61FA3}
	EndGlobalSection
EndGlobal
